
Microsoft Visual Studio Solution File, Format Version 12.00
# Visual Studio Version 16
VisualStudioVersion = 16.0.30717.126
MinimumVisualStudioVersion = 10.0.40219.1
Project("{FAE04EC0-301F-11D3-BF4B-00C04F79EFBC}") = "BanquePr", "BanquePr.csproj", "{C12B8C73-F176-491B-BC1E-009EB238B80C}"
EndProject
Global
	GlobalSection(SolutionConfigurationPlatforms) = preSolution
		Debug|Any CPU = Debug|Any CPU
		Release|Any CPU = Release|Any CPU
	EndGlobalSection
	GlobalSection(ProjectConfigurationPlatforms) = postSolution
		{C12B8C73-F176-491B-BC1E-009EB238B80C}.Debug|Any CPU.ActiveCfg = Debug|Any CPU
		{C12B8C73-F176-491B-BC1E-009EB238B80C}.Debug|Any CPU.Build.0 = Debug|Any CPU
		{C12B8C73-F176-491B-BC1E-009EB238B80C}.Release|Any CPU.ActiveCfg = Release|Any CPU
		{C12B8C73-F176-491B-BC1E-009EB238B80C}.Release|Any CPU.Build.0 = Release|Any CPU
	EndGlobalSection
	GlobalSection(SolutionProperties) = preSolution
		HideSolutionNode = FALSE
	EndGlobalSection
	GlobalSection(ExtensibilityGlobals) = postSolution
		SolutionGuid = {D37E812C-48D6-4799-8E29-59A51012086E}
	EndGlobalSection
EndGlobal
